
Microsoft Visual Studio Solution File, Format Version 12.00
# Visual Studio Version 17
VisualStudioVersion = 17.0.31903.59
MinimumVisualStudioVersion = 10.0.40219.1
Project("{2150E333-8FDC-42A3-9474-1A3956D46DE8}") = "src", "src", "{CDDE854A-C610-4728-BC07-9C01CE10CF3D}"
EndProject
Project("{FAE04EC0-301F-11D3-BF4B-00C04F79EFBC}") = "Infraestrutura", "Infraestrutura\Infraestrutura.csproj", "{92A5CF3D-3A1C-4343-8C30-E03736E741E9}"
EndProject
Project("{FAE04EC0-301F-11D3-BF4B-00C04F79EFBC}") = "Aplicacao", "Aplicacao\Aplicacao.csproj", "{FAA9FE27-A2E5-428D-9E8E-798F6D24A5AB}"
EndProject
Project("{FAE04EC0-301F-11D3-BF4B-00C04F79EFBC}") = "WebApi", "WebApi\WebApi.csproj", "{A29388BD-CAA6-4088-9672-2C9DF93AB1CF}"
EndProject
Project("{FAE04EC0-301F-11D3-BF4B-00C04F79EFBC}") = "Dominio", "Dominio\Dominio.csproj", "{EDBE8A16-C34C-46C2-AD1A-9E4B7AE3F28A}"
EndProject
Global
	GlobalSection(SolutionConfigurationPlatforms) = preSolution
		Debug|Any CPU = Debug|Any CPU
		Release|Any CPU = Release|Any CPU
	EndGlobalSection
	GlobalSection(ProjectConfigurationPlatforms) = postSolution
		{92A5CF3D-3A1C-4343-8C30-E03736E741E9}.Debug|Any CPU.ActiveCfg = Debug|Any CPU
		{92A5CF3D-3A1C-4343-8C30-E03736E741E9}.Debug|Any CPU.Build.0 = Debug|Any CPU
		{92A5CF3D-3A1C-4343-8C30-E03736E741E9}.Release|Any CPU.ActiveCfg = Release|Any CPU
		{92A5CF3D-3A1C-4343-8C30-E03736E741E9}.Release|Any CPU.Build.0 = Release|Any CPU
		{FAA9FE27-A2E5-428D-9E8E-798F6D24A5AB}.Debug|Any CPU.ActiveCfg = Debug|Any CPU
		{FAA9FE27-A2E5-428D-9E8E-798F6D24A5AB}.Debug|Any CPU.Build.0 = Debug|Any CPU
		{FAA9FE27-A2E5-428D-9E8E-798F6D24A5AB}.Release|Any CPU.ActiveCfg = Release|Any CPU
		{FAA9FE27-A2E5-428D-9E8E-798F6D24A5AB}.Release|Any CPU.Build.0 = Release|Any CPU
		{A29388BD-CAA6-4088-9672-2C9DF93AB1CF}.Debug|Any CPU.ActiveCfg = Debug|Any CPU
		{A29388BD-CAA6-4088-9672-2C9DF93AB1CF}.Debug|Any CPU.Build.0 = Debug|Any CPU
		{A29388BD-CAA6-4088-9672-2C9DF93AB1CF}.Release|Any CPU.ActiveCfg = Release|Any CPU
		{A29388BD-CAA6-4088-9672-2C9DF93AB1CF}.Release|Any CPU.Build.0 = Release|Any CPU
		{EDBE8A16-C34C-46C2-AD1A-9E4B7AE3F28A}.Debug|Any CPU.ActiveCfg = Debug|Any CPU
		{EDBE8A16-C34C-46C2-AD1A-9E4B7AE3F28A}.Debug|Any CPU.Build.0 = Debug|Any CPU
		{EDBE8A16-C34C-46C2-AD1A-9E4B7AE3F28A}.Release|Any CPU.ActiveCfg = Release|Any CPU
		{EDBE8A16-C34C-46C2-AD1A-9E4B7AE3F28A}.Release|Any CPU.Build.0 = Release|Any CPU
	EndGlobalSection
	GlobalSection(SolutionProperties) = preSolution
		HideSolutionNode = FALSE
	EndGlobalSection
	GlobalSection(NestedProjects) = preSolution
		{92A5CF3D-3A1C-4343-8C30-E03736E741E9} = {CDDE854A-C610-4728-BC07-9C01CE10CF3D}
		{FAA9FE27-A2E5-428D-9E8E-798F6D24A5AB} = {CDDE854A-C610-4728-BC07-9C01CE10CF3D}
		{A29388BD-CAA6-4088-9672-2C9DF93AB1CF} = {CDDE854A-C610-4728-BC07-9C01CE10CF3D}
		{EDBE8A16-C34C-46C2-AD1A-9E4B7AE3F28A} = {CDDE854A-C610-4728-BC07-9C01CE10CF3D}
	EndGlobalSection
EndGlobal
